{
  "pins" : [
    {
      "identity" : "purchases-ios-spm",
      "kind" : "remoteSourceControl",
      "location" : "https://github.com/garrettApproachableGeek/purchases-ios-spm",
      "state" : {
        "revision" : "231bfd45cae0f6652310fa1664fc74a5a73888e9",
        "version" : "5.22.0-1"
      }
    }
  ],
  "version" : 2
}
